
Microsoft Visual Studio Solution File, Format Version 12.00
# Visual Studio Version 16
VisualStudioVersion = 16.0.33529.622
MinimumVisualStudioVersion = 10.0.40219.1
Project("{FAE04EC0-301F-11D3-BF4B-00C04F79EFBC}") = "Classes_And_Objects", "Classes_And_Objects.csproj", "{7C5D1630-5B43-4253-A766-6BD0152B4409}"
EndProject
Global
	GlobalSection(SolutionConfigurationPlatforms) = preSolution
		Debug|Any CPU = Debug|Any CPU
		Release|Any CPU = Release|Any CPU
	EndGlobalSection
	GlobalSection(ProjectConfigurationPlatforms) = postSolution
		{7C5D1630-5B43-4253-A766-6BD0152B4409}.Debug|Any CPU.ActiveCfg = Debug|Any CPU
		{7C5D1630-5B43-4253-A766-6BD0152B4409}.Debug|Any CPU.Build.0 = Debug|Any CPU
		{7C5D1630-5B43-4253-A766-6BD0152B4409}.Release|Any CPU.ActiveCfg = Release|Any CPU
		{7C5D1630-5B43-4253-A766-6BD0152B4409}.Release|Any CPU.Build.0 = Release|Any CPU
	EndGlobalSection
	GlobalSection(SolutionProperties) = preSolution
		HideSolutionNode = FALSE
	EndGlobalSection
	GlobalSection(ExtensibilityGlobals) = postSolution
		SolutionGuid = {B9BA085F-998A-4AAE-B8FB-086C717CF9E7}
	EndGlobalSection
EndGlobal
